
Microsoft Visual Studio Solution File, Format Version 12.00
# Visual Studio 2013
VisualStudioVersion = 12.0.31101.0
MinimumVisualStudioVersion = 10.0.40219.1
Project("{FAE04EC0-301F-11D3-BF4B-00C04F79EFBC}") = "OAuth2Class", "OAuth2Class\OAuth2Class.csproj", "{79F2A6B2-EC0F-4792-8316-CC85CDE346D5}"
EndProject
Project("{E24C65DC-7377-472B-9ABA-BC803B73C61A}") = "ExampleWebsite(1)", "http://localhost:49937", "{ED17D93D-8D8C-4CC6-9593-BF2AF425AFD5}"
	ProjectSection(WebsiteProperties) = preProject
		UseIISExpress = "true"
		TargetFrameworkMoniker = ".NETFramework,Version%3Dv4.5"
		ProjectReferences = "{79f2a6b2-ec0f-4792-8316-cc85cde346d5}|OAuth2Class.dll;"
		Debug.AspNetCompiler.VirtualPath = "/localhost_49937"
		Debug.AspNetCompiler.PhysicalPath = "ExampleWebsite\"
		Debug.AspNetCompiler.TargetPath = "PrecompiledWeb\localhost_49937\"
		Debug.AspNetCompiler.Updateable = "true"
		Debug.AspNetCompiler.ForceOverwrite = "true"
		Debug.AspNetCompiler.FixedNames = "false"
		Debug.AspNetCompiler.Debug = "True"
		Release.AspNetCompiler.VirtualPath = "/localhost_49937"
		Release.AspNetCompiler.PhysicalPath = "ExampleWebsite\"
		Release.AspNetCompiler.TargetPath = "PrecompiledWeb\localhost_49937\"
		Release.AspNetCompiler.Updateable = "true"
		Release.AspNetCompiler.ForceOverwrite = "true"
		Release.AspNetCompiler.FixedNames = "false"
		Release.AspNetCompiler.Debug = "False"
		SlnRelativePath = "ExampleWebsite\"
		DefaultWebSiteLanguage = "Visual C#"
	EndProjectSection
EndProject
Global
	GlobalSection(SolutionConfigurationPlatforms) = preSolution
		Debug|Any CPU = Debug|Any CPU
		Release|Any CPU = Release|Any CPU
	EndGlobalSection
	GlobalSection(ProjectConfigurationPlatforms) = postSolution
		{79F2A6B2-EC0F-4792-8316-CC85CDE346D5}.Debug|Any CPU.ActiveCfg = Debug|Any CPU
		{79F2A6B2-EC0F-4792-8316-CC85CDE346D5}.Debug|Any CPU.Build.0 = Debug|Any CPU
		{79F2A6B2-EC0F-4792-8316-CC85CDE346D5}.Release|Any CPU.ActiveCfg = Release|Any CPU
		{79F2A6B2-EC0F-4792-8316-CC85CDE346D5}.Release|Any CPU.Build.0 = Release|Any CPU
		{ED17D93D-8D8C-4CC6-9593-BF2AF425AFD5}.Debug|Any CPU.ActiveCfg = Debug|Any CPU
		{ED17D93D-8D8C-4CC6-9593-BF2AF425AFD5}.Debug|Any CPU.Build.0 = Debug|Any CPU
		{ED17D93D-8D8C-4CC6-9593-BF2AF425AFD5}.Release|Any CPU.ActiveCfg = Debug|Any CPU
		{ED17D93D-8D8C-4CC6-9593-BF2AF425AFD5}.Release|Any CPU.Build.0 = Debug|Any CPU
	EndGlobalSection
	GlobalSection(SolutionProperties) = preSolution
		HideSolutionNode = FALSE
	EndGlobalSection
EndGlobal
